// !$*UTF8*$!
{
	archiveVersion = 1;
	classes = {
	};
	objectVersion = 55;
	objects = {

/* Begin PBXBuildFile section */
		AF0945CB27F91C9300155A1F /* SearchVC.swift in Sources */ = {isa = PBXBuildFile; fileRef = AF0945CA27F91C9300155A1F /* SearchVC.swift */; };
		AF0945CD27F91D4A00155A1F /* FavoritesListVC.swift in Sources */ = {isa = PBXBuildFile; fileRef = AF0945CC27F91D4A00155A1F /* FavoritesListVC.swift */; };
		AF0945CF27F93A2300155A1F /* GFButton.swift in Sources */ = {isa = PBXBuildFile; fileRef = AF0945CE27F93A2300155A1F /* GFButton.swift */; };
		AF0945D127F93F8300155A1F /* GFTextField.swift in Sources */ = {isa = PBXBuildFile; fileRef = AF0945D027F93F8300155A1F /* GFTextField.swift */; };
		AF94A70B27F9F84F002495B9 /* FollowerListVC.swift in Sources */ = {isa = PBXBuildFile; fileRef = AF94A70A27F9F84F002495B9 /* FollowerListVC.swift */; };
		AF94A70D27FA08AF002495B9 /* GFTitleLabel.swift in Sources */ = {isa = PBXBuildFile; fileRef = AF94A70C27FA08AF002495B9 /* GFTitleLabel.swift */; };
		AF94A70F27FA0A6F002495B9 /* GFBodyLabel.swift in Sources */ = {isa = PBXBuildFile; fileRef = AF94A70E27FA0A6F002495B9 /* GFBodyLabel.swift */; };
		AF94A71127FA0B92002495B9 /* GFAlertVC.swift in Sources */ = {isa = PBXBuildFile; fileRef = AF94A71027FA0B92002495B9 /* GFAlertVC.swift */; };
		AF94A71327FA0E24002495B9 /* GFContainerView.swift in Sources */ = {isa = PBXBuildFile; fileRef = AF94A71227FA0E24002495B9 /* GFContainerView.swift */; };
		AF94A71527FA1644002495B9 /* UIViewController+Extension.swift in Sources */ = {isa = PBXBuildFile; fileRef = AF94A71427FA1644002495B9 /* UIViewController+Extension.swift */; };
		AFDFD0C027F6343300E2BAC3 /* AppDelegate.swift in Sources */ = {isa = PBXBuildFile; fileRef = AFDFD0BF27F6343300E2BAC3 /* AppDelegate.swift */; };
		AFDFD0C227F6343300E2BAC3 /* SceneDelegate.swift in Sources */ = {isa = PBXBuildFile; fileRef = AFDFD0C127F6343300E2BAC3 /* SceneDelegate.swift */; };
		AFDFD0C927F6343400E2BAC3 /* Assets.xcassets in Resources */ = {isa = PBXBuildFile; fileRef = AFDFD0C827F6343400E2BAC3 /* Assets.xcassets */; };
		AFDFD0CC27F6343400E2BAC3 /* LaunchScreen.storyboard in Resources */ = {isa = PBXBuildFile; fileRef = AFDFD0CA27F6343400E2BAC3 /* LaunchScreen.storyboard */; };
/* End PBXBuildFile section */

/* Begin PBXFileReference section */
		AF0945CA27F91C9300155A1F /* SearchVC.swift */ = {isa = PBXFileReference; lastKnownFileType = sourcecode.swift; path = SearchVC.swift; sourceTree = "<group>"; };
		AF0945CC27F91D4A00155A1F /* FavoritesListVC.swift */ = {isa = PBXFileReference; lastKnownFileType = sourcecode.swift; path = FavoritesListVC.swift; sourceTree = "<group>"; };
		AF0945CE27F93A2300155A1F /* GFButton.swift */ = {isa = PBXFileReference; lastKnownFileType = sourcecode.swift; path = GFButton.swift; sourceTree = "<group>"; };
		AF0945D027F93F8300155A1F /* GFTextField.swift */ = {isa = PBXFileReference; lastKnownFileType = sourcecode.swift; path = GFTextField.swift; sourceTree = "<group>"; };
		AF94A70A27F9F84F002495B9 /* FollowerListVC.swift */ = {isa = PBXFileReference; lastKnownFileType = sourcecode.swift; path = FollowerListVC.swift; sourceTree = "<group>"; };
		AF94A70C27FA08AF002495B9 /* GFTitleLabel.swift */ = {isa = PBXFileReference; lastKnownFileType = sourcecode.swift; path = GFTitleLabel.swift; sourceTree = "<group>"; };
		AF94A70E27FA0A6F002495B9 /* GFBodyLabel.swift */ = {isa = PBXFileReference; lastKnownFileType = sourcecode.swift; path = GFBodyLabel.swift; sourceTree = "<group>"; };
		AF94A71027FA0B92002495B9 /* GFAlertVC.swift */ = {isa = PBXFileReference; lastKnownFileType = sourcecode.swift; path = GFAlertVC.swift; sourceTree = "<group>"; };
		AF94A71227FA0E24002495B9 /* GFContainerView.swift */ = {isa = PBXFileReference; lastKnownFileType = sourcecode.swift; path = GFContainerView.swift; sourceTree = "<group>"; };
		AF94A71427FA1644002495B9 /* UIViewController+Extension.swift */ = {isa = PBXFileReference; lastKnownFileType = sourcecode.swift; path = "UIViewController+Extension.swift"; sourceTree = "<group>"; };
		AFDFD0BC27F6343300E2BAC3 /* GitSample.app */ = {isa = PBXFileReference; explicitFileType = wrapper.application; includeInIndex = 0; path = GitSample.app; sourceTree = BUILT_PRODUCTS_DIR; };
		AFDFD0BF27F6343300E2BAC3 /* AppDelegate.swift */ = {isa = PBXFileReference; lastKnownFileType = sourcecode.swift; path = AppDelegate.swift; sourceTree = "<group>"; };
		AFDFD0C127F6343300E2BAC3 /* SceneDelegate.swift */ = {isa = PBXFileReference; lastKnownFileType = sourcecode.swift; path = SceneDelegate.swift; sourceTree = "<group>"; };
		AFDFD0C827F6343400E2BAC3 /* Assets.xcassets */ = {isa = PBXFileReference; lastKnownFileType = folder.assetcatalog; path = Assets.xcassets; sourceTree = "<group>"; };
		AFDFD0CB27F6343400E2BAC3 /* Base */ = {isa = PBXFileReference; lastKnownFileType = file.storyboard; name = Base; path = Base.lproj/LaunchScreen.storyboard; sourceTree = "<group>"; };
		AFDFD0CD27F6343400E2BAC3 /* Info.plist */ = {isa = PBXFileReference; lastKnownFileType = text.plist.xml; path = Info.plist; sourceTree = "<group>"; };
/* End PBXFileReference section */

/* Begin PBXFrameworksBuildPhase section */
		AFDFD0B927F6343300E2BAC3 /* Frameworks */ = {
			isa = PBXFrameworksBuildPhase;
			buildActionMask = 2147483647;
			files = (
			);
			runOnlyForDeploymentPostprocessing = 0;
		};
/* End PBXFrameworksBuildPhase section */

/* Begin PBXGroup section */
		AF94A71627FA77E8002495B9 /* Controllers */ = {
			isa = PBXGroup;
			children = (
				AF0945CA27F91C9300155A1F /* SearchVC.swift */,
				AF0945CC27F91D4A00155A1F /* FavoritesListVC.swift */,
				AF94A70A27F9F84F002495B9 /* FollowerListVC.swift */,
			);
			path = Controllers;
			sourceTree = "<group>";
		};
		AF94A71727FA784F002495B9 /* Custom Views */ = {
			isa = PBXGroup;
			children = (
				AF94A71227FA0E24002495B9 /* GFContainerView.swift */,
				AF0945CE27F93A2300155A1F /* GFButton.swift */,
				AF0945D027F93F8300155A1F /* GFTextField.swift */,
				AF94A70C27FA08AF002495B9 /* GFTitleLabel.swift */,
				AF94A70E27FA0A6F002495B9 /* GFBodyLabel.swift */,
				AF94A71027FA0B92002495B9 /* GFAlertVC.swift */,
			);
			path = "Custom Views";
			sourceTree = "<group>";
		};
		AF94A71827FA78B4002495B9 /* Extensions */ = {
			isa = PBXGroup;
			children = (
				AF94A71427FA1644002495B9 /* UIViewController+Extension.swift */,
			);
			path = Extensions;
			sourceTree = "<group>";
		};
		AF94A71927FA7958002495B9 /* Support */ = {
			isa = PBXGroup;
			children = (
				AFDFD0BF27F6343300E2BAC3 /* AppDelegate.swift */,
				AFDFD0C127F6343300E2BAC3 /* SceneDelegate.swift */,
				AFDFD0C827F6343400E2BAC3 /* Assets.xcassets */,
				AFDFD0CA27F6343400E2BAC3 /* LaunchScreen.storyboard */,
			);
			path = Support;
			sourceTree = "<group>";
		};
		AFDFD0B327F6343300E2BAC3 = {
			isa = PBXGroup;
			children = (
				AFDFD0BE27F6343300E2BAC3 /* GitSample */,
				AFDFD0BD27F6343300E2BAC3 /* Products */,
			);
			sourceTree = "<group>";
		};
		AFDFD0BD27F6343300E2BAC3 /* Products */ = {
			isa = PBXGroup;
			children = (
				AFDFD0BC27F6343300E2BAC3 /* GitSample.app */,
			);
			name = Products;
			sourceTree = "<group>";
		};
		AFDFD0BE27F6343300E2BAC3 /* GitSample */ = {
			isa = PBXGroup;
			children = (
				AFDFD0CD27F6343400E2BAC3 /* Info.plist */,
				AF94A71927FA7958002495B9 /* Support */,
				AF94A71827FA78B4002495B9 /* Extensions */,
				AF94A71727FA784F002495B9 /* Custom Views */,
				AF94A71627FA77E8002495B9 /* Controllers */,
			);
			path = GitSample;
			sourceTree = "<group>";
		};
/* End PBXGroup section */

/* Begin PBXNativeTarget section */
		AFDFD0BB27F6343300E2BAC3 /* GitSample */ = {
			isa = PBXNativeTarget;
			buildConfigurationList = AFDFD0D027F6343400E2BAC3 /* Build configuration list for PBXNativeTarget "GitSample" */;
			buildPhases = (
				AFDFD0B827F6343300E2BAC3 /* Sources */,
				AFDFD0B927F6343300E2BAC3 /* Frameworks */,
				AFDFD0BA27F6343300E2BAC3 /* Resources */,
			);
			buildRules = (
			);
			dependencies = (
			);
			name = GitSample;
			productName = GitSample;
			productReference = AFDFD0BC27F6343300E2BAC3 /* GitSample.app */;
			productType = "com.apple.product-type.application";
		};
/* End PBXNativeTarget section */

/* Begin PBXProject section */
		AFDFD0B427F6343300E2BAC3 /* Project object */ = {
			isa = PBXProject;
			attributes = {
				BuildIndependentTargetsInParallel = 1;
				LastSwiftUpdateCheck = 1310;
				LastUpgradeCheck = 1310;
				TargetAttributes = {
					AFDFD0BB27F6343300E2BAC3 = {
						CreatedOnToolsVersion = 13.1;
					};
				};
			};
			buildConfigurationList = AFDFD0B727F6343300E2BAC3 /* Build configuration list for PBXProject "GitSample" */;
			compatibilityVersion = "Xcode 13.0";
			developmentRegion = en;
			hasScannedForEncodings = 0;
			knownRegions = (
				en,
				Base,
			);
			mainGroup = AFDFD0B327F6343300E2BAC3;
			productRefGroup = AFDFD0BD27F6343300E2BAC3 /* Products */;
			projectDirPath = "";
			projectRoot = "";
			targets = (
				AFDFD0BB27F6343300E2BAC3 /* GitSample */,
			);
		};
/* End PBXProject section */

/* Begin PBXResourcesBuildPhase section */
		AFDFD0BA27F6343300E2BAC3 /* Resources */ = {
			isa = PBXResourcesBuildPhase;
			buildActionMask = 2147483647;
			files = (
				AFDFD0CC27F6343400E2BAC3 /* LaunchScreen.storyboard in Resources */,
				AFDFD0C927F6343400E2BAC3 /* Assets.xcassets in Resources */,
			);
			runOnlyForDeploymentPostprocessing = 0;
		};
/* End PBXResourcesBuildPhase section */

/* Begin PBXSourcesBuildPhase section */
		AFDFD0B827F6343300E2BAC3 /* Sources */ = {
			isa = PBXSourcesBuildPhase;
			buildActionMask = 2147483647;
			files = (
				AF94A71527FA1644002495B9 /* UIViewController+Extension.swift in Sources */,
				AF0945D127F93F8300155A1F /* GFTextField.swift in Sources */,
				AF0945CD27F91D4A00155A1F /* FavoritesListVC.swift in Sources */,
				AF0945CF27F93A2300155A1F /* GFButton.swift in Sources */,
				AF0945CB27F91C9300155A1F /* SearchVC.swift in Sources */,
				AF94A71127FA0B92002495B9 /* GFAlertVC.swift in Sources */,
				AF94A70F27FA0A6F002495B9 /* GFBodyLabel.swift in Sources */,
				AF94A70D27FA08AF002495B9 /* GFTitleLabel.swift in Sources */,
				AF94A71327FA0E24002495B9 /* GFContainerView.swift in Sources */,
				AF94A70B27F9F84F002495B9 /* FollowerListVC.swift in Sources */,
				AFDFD0C027F6343300E2BAC3 /* AppDelegate.swift in Sources */,
				AFDFD0C227F6343300E2BAC3 /* SceneDelegate.swift in Sources */,
			);
			runOnlyForDeploymentPostprocessing = 0;
		};
/* End PBXSourcesBuildPhase section */

/* Begin PBXVariantGroup section */
		AFDFD0CA27F6343400E2BAC3 /* LaunchScreen.storyboard */ = {
			isa = PBXVariantGroup;
			children = (
				AFDFD0CB27F6343400E2BAC3 /* Base */,
			);
			name = LaunchScreen.storyboard;
			sourceTree = "<group>";
		};
/* End PBXVariantGroup section */

/* Begin XCBuildConfiguration section */
		AFDFD0CE27F6343400E2BAC3 /* Debug */ = {
			isa = XCBuildConfiguration;
			buildSettings = {
				ALWAYS_SEARCH_USER_PATHS = NO;
				CLANG_ANALYZER_NONNULL = YES;
				CLANG_ANALYZER_NUMBER_OBJECT_CONVERSION = YES_AGGRESSIVE;
				CLANG_CXX_LANGUAGE_STANDARD = "gnu++17";
				CLANG_CXX_LIBRARY = "libc++";
				CLANG_ENABLE_MODULES = YES;
				CLANG_ENABLE_OBJC_ARC = YES;
				CLANG_ENABLE_OBJC_WEAK = YES;
				CLANG_WARN_BLOCK_CAPTURE_AUTORELEASING = YES;
				CLANG_WARN_BOOL_CONVERSION = YES;
				CLANG_WARN_COMMA = YES;
				CLANG_WARN_CONSTANT_CONVERSION = YES;
				CLANG_WARN_DEPRECATED_OBJC_IMPLEMENTATIONS = YES;
				CLANG_WARN_DIRECT_OBJC_ISA_USAGE = YES_ERROR;
				CLANG_WARN_DOCUMENTATION_COMMENTS = YES;
				CLANG_WARN_EMPTY_BODY = YES;
				CLANG_WARN_ENUM_CONVERSION = YES;
				CLANG_WARN_INFINITE_RECURSION = YES;
				CLANG_WARN_INT_CONVERSION = YES;
				CLANG_WARN_NON_LITERAL_NULL_CONVERSION = YES;
				CLANG_WARN_OBJC_IMPLICIT_RETAIN_SELF = YES;
				CLANG_WARN_OBJC_LITERAL_CONVERSION = YES;
				CLANG_WARN_OBJC_ROOT_CLASS = YES_ERROR;
				CLANG_WARN_QUOTED_INCLUDE_IN_FRAMEWORK_HEADER = YES;
				CLANG_WARN_RANGE_LOOP_ANALYSIS = YES;
				CLANG_WARN_STRICT_PROTOTYPES = YES;
				CLANG_WARN_SUSPICIOUS_MOVE = YES;
				CLANG_WARN_UNGUARDED_AVAILABILITY = YES_AGGRESSIVE;
				CLANG_WARN_UNREACHABLE_CODE = YES;
				CLANG_WARN__DUPLICATE_METHOD_MATCH = YES;
				COPY_PHASE_STRIP = NO;
				DEBUG_INFORMATION_FORMAT = dwarf;
				ENABLE_STRICT_OBJC_MSGSEND = YES;
				ENABLE_TESTABILITY = YES;
				GCC_C_LANGUAGE_STANDARD = gnu11;
				GCC_DYNAMIC_NO_PIC = NO;
				GCC_NO_COMMON_BLOCKS = YES;
				GCC_OPTIMIZATION_LEVEL = 0;
				GCC_PREPROCESSOR_DEFINITIONS = (
					"DEBUG=1",
					"$(inherited)",
				);
				GCC_WARN_64_TO_32_BIT_CONVERSION = YES;
				GCC_WARN_ABOUT_RETURN_TYPE = YES_ERROR;
				GCC_WARN_UNDECLARED_SELECTOR = YES;
				GCC_WARN_UNINITIALIZED_AUTOS = YES_AGGRESSIVE;
				GCC_WARN_UNUSED_FUNCTION = YES;
				GCC_WARN_UNUSED_VARIABLE = YES;
				IPHONEOS_DEPLOYMENT_TARGET = 15.0;
				MTL_ENABLE_DEBUG_INFO = INCLUDE_SOURCE;
				MTL_FAST_MATH = YES;
				ONLY_ACTIVE_ARCH = YES;
				SDKROOT = iphoneos;
				SWIFT_ACTIVE_COMPILATION_CONDITIONS = DEBUG;
				SWIFT_OPTIMIZATION_LEVEL = "-Onone";
			};
			name = Debug;
		};
		AFDFD0CF27F6343400E2BAC3 /* Release */ = {
			isa = XCBuildConfiguration;
			buildSettings = {
				ALWAYS_SEARCH_USER_PATHS = NO;
				CLANG_ANALYZER_NONNULL = YES;
				CLANG_ANALYZER_NUMBER_OBJECT_CONVERSION = YES_AGGRESSIVE;
				CLANG_CXX_LANGUAGE_STANDARD = "gnu++17";
				CLANG_CXX_LIBRARY = "libc++";
				CLANG_ENABLE_MODULES = YES;
				CLANG_ENABLE_OBJC_ARC = YES;
				CLANG_ENABLE_OBJC_WEAK = YES;
				CLANG_WARN_BLOCK_CAPTURE_AUTORELEASING = YES;
				CLANG_WARN_BOOL_CONVERSION = YES;
				CLANG_WARN_COMMA = YES;
				CLANG_WARN_CONSTANT_CONVERSION = YES;
				CLANG_WARN_DEPRECATED_OBJC_IMPLEMENTATIONS = YES;
				CLANG_WARN_DIRECT_OBJC_ISA_USAGE = YES_ERROR;
				CLANG_WARN_DOCUMENTATION_COMMENTS = YES;
				CLANG_WARN_EMPTY_BODY = YES;
				CLANG_WARN_ENUM_CONVERSION = YES;
				CLANG_WARN_INFINITE_RECURSION = YES;
				CLANG_WARN_INT_CONVERSION = YES;
				CLANG_WARN_NON_LITERAL_NULL_CONVERSION = YES;
				CLANG_WARN_OBJC_IMPLICIT_RETAIN_SELF = YES;
				CLANG_WARN_OBJC_LITERAL_CONVERSION = YES;
				CLANG_WARN_OBJC_ROOT_CLASS = YES_ERROR;
				CLANG_WARN_QUOTED_INCLUDE_IN_FRAMEWORK_HEADER = YES;
				CLANG_WARN_RANGE_LOOP_ANALYSIS = YES;
				CLANG_WARN_STRICT_PROTOTYPES = YES;
				CLANG_WARN_SUSPICIOUS_MOVE = YES;
				CLANG_WARN_UNGUARDED_AVAILABILITY = YES_AGGRESSIVE;
				CLANG_WARN_UNREACHABLE_CODE = YES;
				CLANG_WARN__DUPLICATE_METHOD_MATCH = YES;
				COPY_PHASE_STRIP = NO;
				DEBUG_INFORMATION_FORMAT = "dwarf-with-dsym";
				ENABLE_NS_ASSERTIONS = NO;
				ENABLE_STRICT_OBJC_MSGSEND = YES;
				GCC_C_LANGUAGE_STANDARD = gnu11;
				GCC_NO_COMMON_BLOCKS = YES;
				GCC_WARN_64_TO_32_BIT_CONVERSION = YES;
				GCC_WARN_ABOUT_RETURN_TYPE = YES_ERROR;
				GCC_WARN_UNDECLARED_SELECTOR = YES;
				GCC_WARN_UNINITIALIZED_AUTOS = YES_AGGRESSIVE;
				GCC_WARN_UNUSED_FUNCTION = YES;
				GCC_WARN_UNUSED_VARIABLE = YES;
				IPHONEOS_DEPLOYMENT_TARGET = 15.0;
				MTL_ENABLE_DEBUG_INFO = NO;
				MTL_FAST_MATH = YES;
				SDKROOT = iphoneos;
				SWIFT_COMPILATION_MODE = wholemodule;
				SWIFT_OPTIMIZATION_LEVEL = "-O";
				VALIDATE_PRODUCT = YES;
			};
			name = Release;
		};
		AFDFD0D127F6343400E2BAC3 /* Debug */ = {
			isa = XCBuildConfiguration;
			buildSettings = {
				ASSETCATALOG_COMPILER_APPICON_NAME = AppIcon;
				ASSETCATALOG_COMPILER_GLOBAL_ACCENT_COLOR_NAME = AccentColor;
				CODE_SIGN_STYLE = Automatic;
				CURRENT_PROJECT_VERSION = 1;
				DEVELOPMENT_TEAM = G3MYT8329M;
				GENERATE_INFOPLIST_FILE = YES;
				INFOPLIST_FILE = GitSample/Info.plist;
				INFOPLIST_KEY_UIApplicationSupportsIndirectInputEvents = YES;
				INFOPLIST_KEY_UILaunchStoryboardName = LaunchScreen;
				INFOPLIST_KEY_UISupportedInterfaceOrientations = UIInterfaceOrientationPortrait;
				INFOPLIST_KEY_UISupportedInterfaceOrientations_iPad = "UIInterfaceOrientationPortrait UIInterfaceOrientationPortraitUpsideDown UIInterfaceOrientationLandscapeLeft UIInterfaceOrientationLandscapeRight";
				INFOPLIST_KEY_UISupportedInterfaceOrientations_iPhone = "UIInterfaceOrientationPortrait UIInterfaceOrientationLandscapeLeft UIInterfaceOrientationLandscapeRight";
				LD_RUNPATH_SEARCH_PATHS = (
					"$(inherited)",
					"@executable_path/Frameworks",
				);
				MARKETING_VERSION = 1.0;
				PRODUCT_BUNDLE_IDENTIFIER = master.GitSample;
				PRODUCT_NAME = "$(TARGET_NAME)";
				SWIFT_EMIT_LOC_STRINGS = YES;
				SWIFT_VERSION = 5.0;
				TARGETED_DEVICE_FAMILY = 1;
			};
			name = Debug;
		};
		AFDFD0D227F6343400E2BAC3 /* Release */ = {
			isa = XCBuildConfiguration;
			buildSettings = {
				ASSETCATALOG_COMPILER_APPICON_NAME = AppIcon;
				ASSETCATALOG_COMPILER_GLOBAL_ACCENT_COLOR_NAME = AccentColor;
				CODE_SIGN_STYLE = Automatic;
				CURRENT_PROJECT_VERSION = 1;
				DEVELOPMENT_TEAM = G3MYT8329M;
				GENERATE_INFOPLIST_FILE = YES;
				INFOPLIST_FILE = GitSample/Info.plist;
				INFOPLIST_KEY_UIApplicationSupportsIndirectInputEvents = YES;
				INFOPLIST_KEY_UILaunchStoryboardName = LaunchScreen;
				INFOPLIST_KEY_UISupportedInterfaceOrientations = UIInterfaceOrientationPortrait;
				INFOPLIST_KEY_UISupportedInterfaceOrientations_iPad = "UIInterfaceOrientationPortrait UIInterfaceOrientationPortraitUpsideDown UIInterfaceOrientationLandscapeLeft UIInterfaceOrientationLandscapeRight";
				INFOPLIST_KEY_UISupportedInterfaceOrientations_iPhone = "UIInterfaceOrientationPortrait UIInterfaceOrientationLandscapeLeft UIInterfaceOrientationLandscapeRight";
				LD_RUNPATH_SEARCH_PATHS = (
					"$(inherited)",
					"@executable_path/Frameworks",
				);
				MARKETING_VERSION = 1.0;
				PRODUCT_BUNDLE_IDENTIFIER = master.GitSample;
				PRODUCT_NAME = "$(TARGET_NAME)";
				SWIFT_EMIT_LOC_STRINGS = YES;
				SWIFT_VERSION = 5.0;
				TARGETED_DEVICE_FAMILY = 1;
			};
			name = Release;
		};
/* End XCBuildConfiguration section */

/* Begin XCConfigurationList section */
		AFDFD0B727F6343300E2BAC3 /* Build configuration list for PBXProject "GitSample" */ = {
			isa = XCConfigurationList;
			buildConfigurations = (
				AFDFD0CE27F6343400E2BAC3 /* Debug */,
				AFDFD0CF27F6343400E2BAC3 /* Release */,
			);
			defaultConfigurationIsVisible = 0;
			defaultConfigurationName = Release;
		};
		AFDFD0D027F6343400E2BAC3 /* Build configuration list for PBXNativeTarget "GitSample" */ = {
			isa = XCConfigurationList;
			buildConfigurations = (
				AFDFD0D127F6343400E2BAC3 /* Debug */,
				AFDFD0D227F6343400E2BAC3 /* Release */,
			);
			defaultConfigurationIsVisible = 0;
			defaultConfigurationName = Release;
		};
/* End XCConfigurationList section */
	};
	rootObject = AFDFD0B427F6343300E2BAC3 /* Project object */;
}
